// !$*UTF8*$!
{
	archiveVersion = 1;
	classes = {
	};
	objectVersion = 51;
	objects = {

/* Begin PBXBuildFile section */
		0F2A080C252E3131000B4015 /* AppDelegate.swift in Sources */ = {isa = PBXBuildFile; fileRef = 0F2A080B252E3131000B4015 /* AppDelegate.swift */; };
		0F2A080E252E3131000B4015 /* SceneDelegate.swift in Sources */ = {isa = PBXBuildFile; fileRef = 0F2A080D252E3131000B4015 /* SceneDelegate.swift */; };
		0F2A0815252E3133000B4015 /* Assets.xcassets in Resources */ = {isa = PBXBuildFile; fileRef = 0F2A0814252E3133000B4015 /* Assets.xcassets */; };
		0F2A0818252E3133000B4015 /* LaunchScreen.storyboard in Resources */ = {isa = PBXBuildFile; fileRef = 0F2A0816252E3133000B4015 /* LaunchScreen.storyboard */; };
		0F2A0821252E313F000B4015 /* .gitignore in Resources */ = {isa = PBXBuildFile; fileRef = 0F2A0820252E313F000B4015 /* .gitignore */; };
		0F2A082C252E31DE000B4015 /* StoryboardedProtocol.swift in Sources */ = {isa = PBXBuildFile; fileRef = 0F2A082B252E31DE000B4015 /* StoryboardedProtocol.swift */; };
		0F2A083B252E3513000B4015 /* UIViewController+Extensions.swift in Sources */ = {isa = PBXBuildFile; fileRef = 0F2A083A252E3513000B4015 /* UIViewController+Extensions.swift */; };
		0F2A083F252E376E000B4015 /* APIRequests.swift in Sources */ = {isa = PBXBuildFile; fileRef = 0F2A083E252E376E000B4015 /* APIRequests.swift */; };
		0F2A0843252E37F2000B4015 /* APIConfigurations.swift in Sources */ = {isa = PBXBuildFile; fileRef = 0F2A0842252E37F2000B4015 /* APIConfigurations.swift */; };
		0F2A0849252E3B33000B4015 /* GroupScheduleController.swift in Sources */ = {isa = PBXBuildFile; fileRef = 0F2A0848252E3B33000B4015 /* GroupScheduleController.swift */; };
		0F2A084C252E3B3E000B4015 /* GroupScheduleController.storyboard in Resources */ = {isa = PBXBuildFile; fileRef = 0F2A084B252E3B3E000B4015 /* GroupScheduleController.storyboard */; };
		73AF25CD5C0DCBE37B3AF1C0 /* Pods_RxBSUIRSchedule.framework in Frameworks */ = {isa = PBXBuildFile; fileRef = 07B99B3508D3382FB7F05BE4 /* Pods_RxBSUIRSchedule.framework */; };
		F878F3FE252EFEAD0056D919 /* Schedule.swift in Sources */ = {isa = PBXBuildFile; fileRef = F878F3FD252EFEAD0056D919 /* Schedule.swift */; };
		F878F401252EFEE70056D919 /* Employee.swift in Sources */ = {isa = PBXBuildFile; fileRef = F878F400252EFEE70056D919 /* Employee.swift */; };
		F878F404252EFEF30056D919 /* Day.swift in Sources */ = {isa = PBXBuildFile; fileRef = F878F403252EFEF30056D919 /* Day.swift */; };
		F878F423252F07580056D919 /* SubjectTableViewCell.swift in Sources */ = {isa = PBXBuildFile; fileRef = F878F422252F07580056D919 /* SubjectTableViewCell.swift */; };
		F878F427252F08BD0056D919 /* ProjectColors.swift in Sources */ = {isa = PBXBuildFile; fileRef = F878F426252F08BD0056D919 /* ProjectColors.swift */; };
		F878F42D252F098F0056D919 /* ImageLoader.swift in Sources */ = {isa = PBXBuildFile; fileRef = F878F42C252F098F0056D919 /* ImageLoader.swift */; };
		F878F461252F2B3B0056D919 /* GroupScheduleViewModel.swift in Sources */ = {isa = PBXBuildFile; fileRef = F878F460252F2B3B0056D919 /* GroupScheduleViewModel.swift */; };
		F8BE42D82530A2E7006101DA /* WeeksView.swift in Sources */ = {isa = PBXBuildFile; fileRef = F8BE42D72530A2E7006101DA /* WeeksView.swift */; };
		F8BE42DB2530A2EF006101DA /* WeeksView.xib in Resources */ = {isa = PBXBuildFile; fileRef = F8BE42DA2530A2EF006101DA /* WeeksView.xib */; };
		F8BE42E32530A3AA006101DA /* WeeksViewModel.swift in Sources */ = {isa = PBXBuildFile; fileRef = F8BE42E22530A3AA006101DA /* WeeksViewModel.swift */; };
/* End PBXBuildFile section */

/* Begin PBXFileReference section */
		07B99B3508D3382FB7F05BE4 /* Pods_RxBSUIRSchedule.framework */ = {isa = PBXFileReference; explicitFileType = wrapper.framework; includeInIndex = 0; path = Pods_RxBSUIRSchedule.framework; sourceTree = BUILT_PRODUCTS_DIR; };
		0F2A0808252E3131000B4015 /* RxBSUIRSchedule.app */ = {isa = PBXFileReference; explicitFileType = wrapper.application; includeInIndex = 0; path = RxBSUIRSchedule.app; sourceTree = BUILT_PRODUCTS_DIR; };
		0F2A080B252E3131000B4015 /* AppDelegate.swift */ = {isa = PBXFileReference; lastKnownFileType = sourcecode.swift; path = AppDelegate.swift; sourceTree = "<group>"; };
		0F2A080D252E3131000B4015 /* SceneDelegate.swift */ = {isa = PBXFileReference; lastKnownFileType = sourcecode.swift; path = SceneDelegate.swift; sourceTree = "<group>"; };
		0F2A0814252E3133000B4015 /* Assets.xcassets */ = {isa = PBXFileReference; lastKnownFileType = folder.assetcatalog; path = Assets.xcassets; sourceTree = "<group>"; };
		0F2A0817252E3133000B4015 /* Base */ = {isa = PBXFileReference; lastKnownFileType = file.storyboard; name = Base; path = Base.lproj/LaunchScreen.storyboard; sourceTree = "<group>"; };
		0F2A0819252E3133000B4015 /* Info.plist */ = {isa = PBXFileReference; lastKnownFileType = text.plist.xml; path = Info.plist; sourceTree = "<group>"; };
		0F2A0820252E313F000B4015 /* .gitignore */ = {isa = PBXFileReference; lastKnownFileType = text; path = .gitignore; sourceTree = "<group>"; };
		0F2A082B252E31DE000B4015 /* StoryboardedProtocol.swift */ = {isa = PBXFileReference; lastKnownFileType = sourcecode.swift; path = StoryboardedProtocol.swift; sourceTree = "<group>"; };
		0F2A083A252E3513000B4015 /* UIViewController+Extensions.swift */ = {isa = PBXFileReference; lastKnownFileType = sourcecode.swift; path = "UIViewController+Extensions.swift"; sourceTree = "<group>"; };
		0F2A083E252E376E000B4015 /* APIRequests.swift */ = {isa = PBXFileReference; lastKnownFileType = sourcecode.swift; path = APIRequests.swift; sourceTree = "<group>"; };
		0F2A0842252E37F2000B4015 /* APIConfigurations.swift */ = {isa = PBXFileReference; lastKnownFileType = sourcecode.swift; path = APIConfigurations.swift; sourceTree = "<group>"; };
		0F2A0848252E3B33000B4015 /* GroupScheduleController.swift */ = {isa = PBXFileReference; lastKnownFileType = sourcecode.swift; path = GroupScheduleController.swift; sourceTree = "<group>"; };
		0F2A084B252E3B3E000B4015 /* GroupScheduleController.storyboard */ = {isa = PBXFileReference; lastKnownFileType = file.storyboard; path = GroupScheduleController.storyboard; sourceTree = "<group>"; };
		74598AD09C5BF6A8503516AC /* Pods-RxBSUIRSchedule.release.xcconfig */ = {isa = PBXFileReference; includeInIndex = 1; lastKnownFileType = text.xcconfig; name = "Pods-RxBSUIRSchedule.release.xcconfig"; path = "Target Support Files/Pods-RxBSUIRSchedule/Pods-RxBSUIRSchedule.release.xcconfig"; sourceTree = "<group>"; };
		DD45D7AEB756B24DAA06D261 /* Pods-RxBSUIRSchedule.debug.xcconfig */ = {isa = PBXFileReference; includeInIndex = 1; lastKnownFileType = text.xcconfig; name = "Pods-RxBSUIRSchedule.debug.xcconfig"; path = "Target Support Files/Pods-RxBSUIRSchedule/Pods-RxBSUIRSchedule.debug.xcconfig"; sourceTree = "<group>"; };
		F878F3FD252EFEAD0056D919 /* Schedule.swift */ = {isa = PBXFileReference; lastKnownFileType = sourcecode.swift; path = Schedule.swift; sourceTree = "<group>"; };
		F878F400252EFEE70056D919 /* Employee.swift */ = {isa = PBXFileReference; lastKnownFileType = sourcecode.swift; path = Employee.swift; sourceTree = "<group>"; };
		F878F403252EFEF30056D919 /* Day.swift */ = {isa = PBXFileReference; lastKnownFileType = sourcecode.swift; path = Day.swift; sourceTree = "<group>"; };
		F878F422252F07580056D919 /* SubjectTableViewCell.swift */ = {isa = PBXFileReference; lastKnownFileType = sourcecode.swift; path = SubjectTableViewCell.swift; sourceTree = "<group>"; };
		F878F426252F08BD0056D919 /* ProjectColors.swift */ = {isa = PBXFileReference; lastKnownFileType = sourcecode.swift; path = ProjectColors.swift; sourceTree = "<group>"; };
		F878F42C252F098F0056D919 /* ImageLoader.swift */ = {isa = PBXFileReference; lastKnownFileType = sourcecode.swift; path = ImageLoader.swift; sourceTree = "<group>"; };
		F878F460252F2B3B0056D919 /* GroupScheduleViewModel.swift */ = {isa = PBXFileReference; lastKnownFileType = sourcecode.swift; path = GroupScheduleViewModel.swift; sourceTree = "<group>"; };
		F8BE42D72530A2E7006101DA /* WeeksView.swift */ = {isa = PBXFileReference; lastKnownFileType = sourcecode.swift; path = WeeksView.swift; sourceTree = "<group>"; };
		F8BE42DA2530A2EF006101DA /* WeeksView.xib */ = {isa = PBXFileReference; lastKnownFileType = file.xib; path = WeeksView.xib; sourceTree = "<group>"; };
		F8BE42E22530A3AA006101DA /* WeeksViewModel.swift */ = {isa = PBXFileReference; lastKnownFileType = sourcecode.swift; path = WeeksViewModel.swift; sourceTree = "<group>"; };
/* End PBXFileReference section */

/* Begin PBXFrameworksBuildPhase section */
		0F2A0805252E3131000B4015 /* Frameworks */ = {
			isa = PBXFrameworksBuildPhase;
			buildActionMask = 2147483647;
			files = (
				73AF25CD5C0DCBE37B3AF1C0 /* Pods_RxBSUIRSchedule.framework in Frameworks */,
			);
			runOnlyForDeploymentPostprocessing = 0;
		};
/* End PBXFrameworksBuildPhase section */

/* Begin PBXGroup section */
		0F2A07FF252E3131000B4015 = {
			isa = PBXGroup;
			children = (
				0F2A0820252E313F000B4015 /* .gitignore */,
				0F2A080A252E3131000B4015 /* RxBSUIRSchedule */,
				0F2A0809252E3131000B4015 /* Products */,
				502431D160E9D1E1471805F2 /* Pods */,
				57759C1E2D77DA54BBB2A7F0 /* Frameworks */,
			);
			sourceTree = "<group>";
		};
		0F2A0809252E3131000B4015 /* Products */ = {
			isa = PBXGroup;
			children = (
				0F2A0808252E3131000B4015 /* RxBSUIRSchedule.app */,
			);
			name = Products;
			sourceTree = "<group>";
		};
		0F2A080A252E3131000B4015 /* RxBSUIRSchedule */ = {
			isa = PBXGroup;
			children = (
				F878F3F6252EFE5F0056D919 /* Model */,
				0F2A083D252E3755000B4015 /* API */,
				0F2A0830252E3287000B4015 /* Modules */,
				0F2A0829252E31C9000B4015 /* Utilities */,
				0F2A082F252E3273000B4015 /* DefaultFiles */,
				0F2A0814252E3133000B4015 /* Assets.xcassets */,
				0F2A0819252E3133000B4015 /* Info.plist */,
			);
			path = RxBSUIRSchedule;
			sourceTree = "<group>";
		};
		0F2A0829252E31C9000B4015 /* Utilities */ = {
			isa = PBXGroup;
			children = (
				F878F42B252F09820056D919 /* Helpers */,
				F878F425252F08AC0056D919 /* Constants */,
				0F2A0841252E37E5000B4015 /* Configurations */,
				0F2A0839252E3504000B4015 /* Class+Extensions */,
				0F2A082A252E31D2000B4015 /* Protocols */,
			);
			path = Utilities;
			sourceTree = "<group>";
		};
		0F2A082A252E31D2000B4015 /* Protocols */ = {
			isa = PBXGroup;
			children = (
				0F2A082B252E31DE000B4015 /* StoryboardedProtocol.swift */,
			);
			path = Protocols;
			sourceTree = "<group>";
		};
		0F2A082F252E3273000B4015 /* DefaultFiles */ = {
			isa = PBXGroup;
			children = (
				0F2A0816252E3133000B4015 /* LaunchScreen.storyboard */,
				0F2A080B252E3131000B4015 /* AppDelegate.swift */,
				0F2A080D252E3131000B4015 /* SceneDelegate.swift */,
			);
			path = DefaultFiles;
			sourceTree = "<group>";
		};
		0F2A0830252E3287000B4015 /* Modules */ = {
			isa = PBXGroup;
			children = (
				0F2A0847252E3B1D000B4015 /* GroupSchedule */,
			);
			path = Modules;
			sourceTree = "<group>";
		};
		0F2A0839252E3504000B4015 /* Class+Extensions */ = {
			isa = PBXGroup;
			children = (
				0F2A083A252E3513000B4015 /* UIViewController+Extensions.swift */,
			);
			path = "Class+Extensions";
			sourceTree = "<group>";
		};
		0F2A083D252E3755000B4015 /* API */ = {
			isa = PBXGroup;
			children = (
				0F2A083E252E376E000B4015 /* APIRequests.swift */,
			);
			path = API;
			sourceTree = "<group>";
		};
		0F2A0841252E37E5000B4015 /* Configurations */ = {
			isa = PBXGroup;
			children = (
				0F2A0842252E37F2000B4015 /* APIConfigurations.swift */,
			);
			path = Configurations;
			sourceTree = "<group>";
		};
		0F2A0847252E3B1D000B4015 /* GroupSchedule */ = {
			isa = PBXGroup;
			children = (
				F878F45F252F2B2D0056D919 /* VM */,
				F878F45D252F2B1B0056D919 /* VC */,
			);
			path = GroupSchedule;
			sourceTree = "<group>";
		};
		502431D160E9D1E1471805F2 /* Pods */ = {
			isa = PBXGroup;
			children = (
				DD45D7AEB756B24DAA06D261 /* Pods-RxBSUIRSchedule.debug.xcconfig */,
				74598AD09C5BF6A8503516AC /* Pods-RxBSUIRSchedule.release.xcconfig */,
			);
			path = Pods;
			sourceTree = "<group>";
		};
		57759C1E2D77DA54BBB2A7F0 /* Frameworks */ = {
			isa = PBXGroup;
			children = (
				07B99B3508D3382FB7F05BE4 /* Pods_RxBSUIRSchedule.framework */,
			);
			name = Frameworks;
			sourceTree = "<group>";
		};
		F878F3F6252EFE5F0056D919 /* Model */ = {
			isa = PBXGroup;
			children = (
				F878F40D252F02200056D919 /* Schedule */,
				F878F413252F02930056D919 /* Employee */,
				F878F418252F02AE0056D919 /* Day */,
			);
			path = Model;
			sourceTree = "<group>";
		};
		F878F40D252F02200056D919 /* Schedule */ = {
			isa = PBXGroup;
			children = (
				F878F3FD252EFEAD0056D919 /* Schedule.swift */,
			);
			path = Schedule;
			sourceTree = "<group>";
		};
		F878F413252F02930056D919 /* Employee */ = {
			isa = PBXGroup;
			children = (
				F878F400252EFEE70056D919 /* Employee.swift */,
			);
			path = Employee;
			sourceTree = "<group>";
		};
		F878F418252F02AE0056D919 /* Day */ = {
			isa = PBXGroup;
			children = (
				F878F403252EFEF30056D919 /* Day.swift */,
			);
			path = Day;
			sourceTree = "<group>";
		};
		F878F420252F073E0056D919 /* Subviews */ = {
			isa = PBXGroup;
			children = (
				F8BE42D62530A2CA006101DA /* WeeksView */,
				F878F422252F07580056D919 /* SubjectTableViewCell.swift */,
			);
			path = Subviews;
			sourceTree = "<group>";
		};
		F878F425252F08AC0056D919 /* Constants */ = {
			isa = PBXGroup;
			children = (
				F878F426252F08BD0056D919 /* ProjectColors.swift */,
			);
			path = Constants;
			sourceTree = "<group>";
		};
		F878F42B252F09820056D919 /* Helpers */ = {
			isa = PBXGroup;
			children = (
				F878F42C252F098F0056D919 /* ImageLoader.swift */,
			);
			path = Helpers;
			sourceTree = "<group>";
		};
		F878F45D252F2B1B0056D919 /* VC */ = {
			isa = PBXGroup;
			children = (
				0F2A0848252E3B33000B4015 /* GroupScheduleController.swift */,
				0F2A084B252E3B3E000B4015 /* GroupScheduleController.storyboard */,
				F878F420252F073E0056D919 /* Subviews */,
			);
			path = VC;
			sourceTree = "<group>";
		};
		F878F45F252F2B2D0056D919 /* VM */ = {
			isa = PBXGroup;
			children = (
				F878F460252F2B3B0056D919 /* GroupScheduleViewModel.swift */,
			);
			path = VM;
			sourceTree = "<group>";
		};
		F8BE42D62530A2CA006101DA /* WeeksView */ = {
			isa = PBXGroup;
			children = (
				F8BE42E02530A30D006101DA /* VM */,
				F8BE42DD2530A303006101DA /* V */,
			);
			path = WeeksView;
			sourceTree = "<group>";
		};
		F8BE42DD2530A303006101DA /* V */ = {
			isa = PBXGroup;
			children = (
				F8BE42D72530A2E7006101DA /* WeeksView.swift */,
				F8BE42DA2530A2EF006101DA /* WeeksView.xib */,
			);
			path = V;
			sourceTree = "<group>";
		};
		F8BE42E02530A30D006101DA /* VM */ = {
			isa = PBXGroup;
			children = (
				F8BE42E22530A3AA006101DA /* WeeksViewModel.swift */,
			);
			path = VM;
			sourceTree = "<group>";
		};
/* End PBXGroup section */

/* Begin PBXNativeTarget section */
		0F2A0807252E3131000B4015 /* RxBSUIRSchedule */ = {
			isa = PBXNativeTarget;
			buildConfigurationList = 0F2A081C252E3133000B4015 /* Build configuration list for PBXNativeTarget "RxBSUIRSchedule" */;
			buildPhases = (
				B2ED9CF0D5899D3B35A1038F /* [CP] Check Pods Manifest.lock */,
				0F2A0804252E3131000B4015 /* Sources */,
				0F2A0805252E3131000B4015 /* Frameworks */,
				0F2A0806252E3131000B4015 /* Resources */,
				75AA219297E31D82BBBDEB3B /* [CP] Embed Pods Frameworks */,
			);
			buildRules = (
			);
			dependencies = (
			);
			name = RxBSUIRSchedule;
			productName = RxBSUIRSchedule;
			productReference = 0F2A0808252E3131000B4015 /* RxBSUIRSchedule.app */;
			productType = "com.apple.product-type.application";
		};
/* End PBXNativeTarget section */

/* Begin PBXProject section */
		0F2A0800252E3131000B4015 /* Project object */ = {
			isa = PBXProject;
			attributes = {
				LastSwiftUpdateCheck = 1200;
				LastUpgradeCheck = 1200;
				TargetAttributes = {
					0F2A0807252E3131000B4015 = {
						CreatedOnToolsVersion = 12.0;
					};
				};
			};
			buildConfigurationList = 0F2A0803252E3131000B4015 /* Build configuration list for PBXProject "RxBSUIRSchedule" */;
			compatibilityVersion = "Xcode 9.3";
			developmentRegion = en;
			hasScannedForEncodings = 0;
			knownRegions = (
				en,
				Base,
			);
			mainGroup = 0F2A07FF252E3131000B4015;
			productRefGroup = 0F2A0809252E3131000B4015 /* Products */;
			projectDirPath = "";
			projectRoot = "";
			targets = (
				0F2A0807252E3131000B4015 /* RxBSUIRSchedule */,
			);
		};
/* End PBXProject section */

/* Begin PBXResourcesBuildPhase section */
		0F2A0806252E3131000B4015 /* Resources */ = {
			isa = PBXResourcesBuildPhase;
			buildActionMask = 2147483647;
			files = (
				0F2A0821252E313F000B4015 /* .gitignore in Resources */,
				0F2A084C252E3B3E000B4015 /* GroupScheduleController.storyboard in Resources */,
				0F2A0818252E3133000B4015 /* LaunchScreen.storyboard in Resources */,
				0F2A0815252E3133000B4015 /* Assets.xcassets in Resources */,
				F8BE42DB2530A2EF006101DA /* WeeksView.xib in Resources */,
			);
			runOnlyForDeploymentPostprocessing = 0;
		};
/* End PBXResourcesBuildPhase section */

/* Begin PBXShellScriptBuildPhase section */
		75AA219297E31D82BBBDEB3B /* [CP] Embed Pods Frameworks */ = {
			isa = PBXShellScriptBuildPhase;
			buildActionMask = 2147483647;
			files = (
			);
			inputFileListPaths = (
				"${PODS_ROOT}/Target Support Files/Pods-RxBSUIRSchedule/Pods-RxBSUIRSchedule-frameworks-${CONFIGURATION}-input-files.xcfilelist",
			);
			name = "[CP] Embed Pods Frameworks";
			outputFileListPaths = (
				"${PODS_ROOT}/Target Support Files/Pods-RxBSUIRSchedule/Pods-RxBSUIRSchedule-frameworks-${CONFIGURATION}-output-files.xcfilelist",
			);
			runOnlyForDeploymentPostprocessing = 0;
			shellPath = /bin/sh;
			shellScript = "\"${PODS_ROOT}/Target Support Files/Pods-RxBSUIRSchedule/Pods-RxBSUIRSchedule-frameworks.sh\"\n";
			showEnvVarsInLog = 0;
		};
		B2ED9CF0D5899D3B35A1038F /* [CP] Check Pods Manifest.lock */ = {
			isa = PBXShellScriptBuildPhase;
			buildActionMask = 2147483647;
			files = (
			);
			inputFileListPaths = (
			);
			inputPaths = (
				"${PODS_PODFILE_DIR_PATH}/Podfile.lock",
				"${PODS_ROOT}/Manifest.lock",
			);
			name = "[CP] Check Pods Manifest.lock";
			outputFileListPaths = (
			);
			outputPaths = (
				"$(DERIVED_FILE_DIR)/Pods-RxBSUIRSchedule-checkManifestLockResult.txt",
			);
			runOnlyForDeploymentPostprocessing = 0;
			shellPath = /bin/sh;
			shellScript = "diff \"${PODS_PODFILE_DIR_PATH}/Podfile.lock\" \"${PODS_ROOT}/Manifest.lock\" > /dev/null\nif [ $? != 0 ] ; then\n    # print error to STDERR\n    echo \"error: The sandbox is not in sync with the Podfile.lock. Run 'pod install' or update your CocoaPods installation.\" >&2\n    exit 1\nfi\n# This output is used by Xcode 'outputs' to avoid re-running this script phase.\necho \"SUCCESS\" > \"${SCRIPT_OUTPUT_FILE_0}\"\n";
			showEnvVarsInLog = 0;
		};
/* End PBXShellScriptBuildPhase section */

/* Begin PBXSourcesBuildPhase section */
		0F2A0804252E3131000B4015 /* Sources */ = {
			isa = PBXSourcesBuildPhase;
			buildActionMask = 2147483647;
			files = (
				0F2A082C252E31DE000B4015 /* StoryboardedProtocol.swift in Sources */,
				F8BE42D82530A2E7006101DA /* WeeksView.swift in Sources */,
				F878F42D252F098F0056D919 /* ImageLoader.swift in Sources */,
				0F2A0843252E37F2000B4015 /* APIConfigurations.swift in Sources */,
				0F2A080C252E3131000B4015 /* AppDelegate.swift in Sources */,
				F878F401252EFEE70056D919 /* Employee.swift in Sources */,
				F878F404252EFEF30056D919 /* Day.swift in Sources */,
				F878F427252F08BD0056D919 /* ProjectColors.swift in Sources */,
				F878F3FE252EFEAD0056D919 /* Schedule.swift in Sources */,
				0F2A083B252E3513000B4015 /* UIViewController+Extensions.swift in Sources */,
				F878F423252F07580056D919 /* SubjectTableViewCell.swift in Sources */,
				0F2A083F252E376E000B4015 /* APIRequests.swift in Sources */,
				0F2A0849252E3B33000B4015 /* GroupScheduleController.swift in Sources */,
				F8BE42E32530A3AA006101DA /* WeeksViewModel.swift in Sources */,
				0F2A080E252E3131000B4015 /* SceneDelegate.swift in Sources */,
				F878F461252F2B3B0056D919 /* GroupScheduleViewModel.swift in Sources */,
			);
			runOnlyForDeploymentPostprocessing = 0;
		};
/* End PBXSourcesBuildPhase section */

/* Begin PBXVariantGroup section */
		0F2A0816252E3133000B4015 /* LaunchScreen.storyboard */ = {
			isa = PBXVariantGroup;
			children = (
				0F2A0817252E3133000B4015 /* Base */,
			);
			name = LaunchScreen.storyboard;
			sourceTree = "<group>";
		};
/* End PBXVariantGroup section */

/* Begin XCBuildConfiguration section */
		0F2A081A252E3133000B4015 /* Debug */ = {
			isa = XCBuildConfiguration;
			buildSettings = {
				ALWAYS_SEARCH_USER_PATHS = NO;
				CLANG_ANALYZER_NONNULL = YES;
				CLANG_ANALYZER_NUMBER_OBJECT_CONVERSION = YES_AGGRESSIVE;
				CLANG_CXX_LANGUAGE_STANDARD = "gnu++14";
				CLANG_CXX_LIBRARY = "libc++";
				CLANG_ENABLE_MODULES = YES;
				CLANG_ENABLE_OBJC_ARC = YES;
				CLANG_ENABLE_OBJC_WEAK = YES;
				CLANG_WARN_BLOCK_CAPTURE_AUTORELEASING = YES;
				CLANG_WARN_BOOL_CONVERSION = YES;
				CLANG_WARN_COMMA = YES;
				CLANG_WARN_CONSTANT_CONVERSION = YES;
				CLANG_WARN_DEPRECATED_OBJC_IMPLEMENTATIONS = YES;
				CLANG_WARN_DIRECT_OBJC_ISA_USAGE = YES_ERROR;
				CLANG_WARN_DOCUMENTATION_COMMENTS = YES;
				CLANG_WARN_EMPTY_BODY = YES;
				CLANG_WARN_ENUM_CONVERSION = YES;
				CLANG_WARN_INFINITE_RECURSION = YES;
				CLANG_WARN_INT_CONVERSION = YES;
				CLANG_WARN_NON_LITERAL_NULL_CONVERSION = YES;
				CLANG_WARN_OBJC_IMPLICIT_RETAIN_SELF = YES;
				CLANG_WARN_OBJC_LITERAL_CONVERSION = YES;
				CLANG_WARN_OBJC_ROOT_CLASS = YES_ERROR;
				CLANG_WARN_QUOTED_INCLUDE_IN_FRAMEWORK_HEADER = YES;
				CLANG_WARN_RANGE_LOOP_ANALYSIS = YES;
				CLANG_WARN_STRICT_PROTOTYPES = YES;
				CLANG_WARN_SUSPICIOUS_MOVE = YES;
				CLANG_WARN_UNGUARDED_AVAILABILITY = YES_AGGRESSIVE;
				CLANG_WARN_UNREACHABLE_CODE = YES;
				CLANG_WARN__DUPLICATE_METHOD_MATCH = YES;
				COPY_PHASE_STRIP = NO;
				DEBUG_INFORMATION_FORMAT = dwarf;
				ENABLE_STRICT_OBJC_MSGSEND = YES;
				ENABLE_TESTABILITY = YES;
				GCC_C_LANGUAGE_STANDARD = gnu11;
				GCC_DYNAMIC_NO_PIC = NO;
				GCC_NO_COMMON_BLOCKS = YES;
				GCC_OPTIMIZATION_LEVEL = 0;
				GCC_PREPROCESSOR_DEFINITIONS = (
					"DEBUG=1",
					"$(inherited)",
				);
				GCC_WARN_64_TO_32_BIT_CONVERSION = YES;
				GCC_WARN_ABOUT_RETURN_TYPE = YES_ERROR;
				GCC_WARN_UNDECLARED_SELECTOR = YES;
				GCC_WARN_UNINITIALIZED_AUTOS = YES_AGGRESSIVE;
				GCC_WARN_UNUSED_FUNCTION = YES;
				GCC_WARN_UNUSED_VARIABLE = YES;
				IPHONEOS_DEPLOYMENT_TARGET = 14.0;
				MTL_ENABLE_DEBUG_INFO = INCLUDE_SOURCE;
				MTL_FAST_MATH = YES;
				ONLY_ACTIVE_ARCH = YES;
				SDKROOT = iphoneos;
				SWIFT_ACTIVE_COMPILATION_CONDITIONS = DEBUG;
				SWIFT_OPTIMIZATION_LEVEL = "-Onone";
			};
			name = Debug;
		};
		0F2A081B252E3133000B4015 /* Release */ = {
			isa = XCBuildConfiguration;
			buildSettings = {
				ALWAYS_SEARCH_USER_PATHS = NO;
				CLANG_ANALYZER_NONNULL = YES;
				CLANG_ANALYZER_NUMBER_OBJECT_CONVERSION = YES_AGGRESSIVE;
				CLANG_CXX_LANGUAGE_STANDARD = "gnu++14";
				CLANG_CXX_LIBRARY = "libc++";
				CLANG_ENABLE_MODULES = YES;
				CLANG_ENABLE_OBJC_ARC = YES;
				CLANG_ENABLE_OBJC_WEAK = YES;
				CLANG_WARN_BLOCK_CAPTURE_AUTORELEASING = YES;
				CLANG_WARN_BOOL_CONVERSION = YES;
				CLANG_WARN_COMMA = YES;
				CLANG_WARN_CONSTANT_CONVERSION = YES;
				CLANG_WARN_DEPRECATED_OBJC_IMPLEMENTATIONS = YES;
				CLANG_WARN_DIRECT_OBJC_ISA_USAGE = YES_ERROR;
				CLANG_WARN_DOCUMENTATION_COMMENTS = YES;
				CLANG_WARN_EMPTY_BODY = YES;
				CLANG_WARN_ENUM_CONVERSION = YES;
				CLANG_WARN_INFINITE_RECURSION = YES;
				CLANG_WARN_INT_CONVERSION = YES;
				CLANG_WARN_NON_LITERAL_NULL_CONVERSION = YES;
				CLANG_WARN_OBJC_IMPLICIT_RETAIN_SELF = YES;
				CLANG_WARN_OBJC_LITERAL_CONVERSION = YES;
				CLANG_WARN_OBJC_ROOT_CLASS = YES_ERROR;
				CLANG_WARN_QUOTED_INCLUDE_IN_FRAMEWORK_HEADER = YES;
				CLANG_WARN_RANGE_LOOP_ANALYSIS = YES;
				CLANG_WARN_STRICT_PROTOTYPES = YES;
				CLANG_WARN_SUSPICIOUS_MOVE = YES;
				CLANG_WARN_UNGUARDED_AVAILABILITY = YES_AGGRESSIVE;
				CLANG_WARN_UNREACHABLE_CODE = YES;
				CLANG_WARN__DUPLICATE_METHOD_MATCH = YES;
				COPY_PHASE_STRIP = NO;
				DEBUG_INFORMATION_FORMAT = "dwarf-with-dsym";
				ENABLE_NS_ASSERTIONS = NO;
				ENABLE_STRICT_OBJC_MSGSEND = YES;
				GCC_C_LANGUAGE_STANDARD = gnu11;
				GCC_NO_COMMON_BLOCKS = YES;
				GCC_WARN_64_TO_32_BIT_CONVERSION = YES;
				GCC_WARN_ABOUT_RETURN_TYPE = YES_ERROR;
				GCC_WARN_UNDECLARED_SELECTOR = YES;
				GCC_WARN_UNINITIALIZED_AUTOS = YES_AGGRESSIVE;
				GCC_WARN_UNUSED_FUNCTION = YES;
				GCC_WARN_UNUSED_VARIABLE = YES;
				IPHONEOS_DEPLOYMENT_TARGET = 14.0;
				MTL_ENABLE_DEBUG_INFO = NO;
				MTL_FAST_MATH = YES;
				SDKROOT = iphoneos;
				SWIFT_COMPILATION_MODE = wholemodule;
				SWIFT_OPTIMIZATION_LEVEL = "-O";
				VALIDATE_PRODUCT = YES;
			};
			name = Release;
		};
		0F2A081D252E3133000B4015 /* Debug */ = {
			isa = XCBuildConfiguration;
			baseConfigurationReference = DD45D7AEB756B24DAA06D261 /* Pods-RxBSUIRSchedule.debug.xcconfig */;
			buildSettings = {
				ASSETCATALOG_COMPILER_APPICON_NAME = AppIcon;
				ASSETCATALOG_COMPILER_GLOBAL_ACCENT_COLOR_NAME = AccentColor;
				CODE_SIGN_STYLE = Automatic;
				DEVELOPMENT_TEAM = 3TG9F8VMYJ;
				INFOPLIST_FILE = RxBSUIRSchedule/Info.plist;
				IPHONEOS_DEPLOYMENT_TARGET = 13.0;
				LD_RUNPATH_SEARCH_PATHS = (
					"$(inherited)",
					"@executable_path/Frameworks",
				);
				PRODUCT_BUNDLE_IDENTIFIER = artyombatura.RxBSUIRSchedule.com;
				PRODUCT_NAME = "$(TARGET_NAME)";
				SWIFT_VERSION = 5.0;
				TARGETED_DEVICE_FAMILY = "1,2";
			};
			name = Debug;
		};
		0F2A081E252E3133000B4015 /* Release */ = {
			isa = XCBuildConfiguration;
			baseConfigurationReference = 74598AD09C5BF6A8503516AC /* Pods-RxBSUIRSchedule.release.xcconfig */;
			buildSettings = {
				ASSETCATALOG_COMPILER_APPICON_NAME = AppIcon;
				ASSETCATALOG_COMPILER_GLOBAL_ACCENT_COLOR_NAME = AccentColor;
				CODE_SIGN_STYLE = Automatic;
				DEVELOPMENT_TEAM = 3TG9F8VMYJ;
				INFOPLIST_FILE = RxBSUIRSchedule/Info.plist;
				IPHONEOS_DEPLOYMENT_TARGET = 13.0;
				LD_RUNPATH_SEARCH_PATHS = (
					"$(inherited)",
					"@executable_path/Frameworks",
				);
				PRODUCT_BUNDLE_IDENTIFIER = artyombatura.RxBSUIRSchedule.com;
				PRODUCT_NAME = "$(TARGET_NAME)";
				SWIFT_VERSION = 5.0;
				TARGETED_DEVICE_FAMILY = "1,2";
			};
			name = Release;
		};
/* End XCBuildConfiguration section */

/* Begin XCConfigurationList section */
		0F2A0803252E3131000B4015 /* Build configuration list for PBXProject "RxBSUIRSchedule" */ = {
			isa = XCConfigurationList;
			buildConfigurations = (
				0F2A081A252E3133000B4015 /* Debug */,
				0F2A081B252E3133000B4015 /* Release */,
			);
			defaultConfigurationIsVisible = 0;
			defaultConfigurationName = Release;
		};
		0F2A081C252E3133000B4015 /* Build configuration list for PBXNativeTarget "RxBSUIRSchedule" */ = {
			isa = XCConfigurationList;
			buildConfigurations = (
				0F2A081D252E3133000B4015 /* Debug */,
				0F2A081E252E3133000B4015 /* Release */,
			);
			defaultConfigurationIsVisible = 0;
			defaultConfigurationName = Release;
		};
/* End XCConfigurationList section */
	};
	rootObject = 0F2A0800252E3131000B4015 /* Project object */;
}
